// !$*UTF8*$!
{
	archiveVersion = 1;
	classes = {
	};
	objectVersion = 46;
	objects = {

/* Begin PBXBuildFile section */
		EA57D59A1CFD889000DFD519 /* main.m in Sources */ = {isa = PBXBuildFile; fileRef = EA57D5991CFD889000DFD519 /* main.m */; };
		EA57D59D1CFD889000DFD519 /* AppDelegate.m in Sources */ = {isa = PBXBuildFile; fileRef = EA57D59C1CFD889000DFD519 /* AppDelegate.m */; };
		EA57D5A01CFD889000DFD519 /* ViewController.m in Sources */ = {isa = PBXBuildFile; fileRef = EA57D59F1CFD889000DFD519 /* ViewController.m */; };
		EA57D5A31CFD889000DFD519 /* Main.storyboard in Resources */ = {isa = PBXBuildFile; fileRef = EA57D5A11CFD889000DFD519 /* Main.storyboard */; };
		EA57D5A51CFD889000DFD519 /* Assets.xcassets in Resources */ = {isa = PBXBuildFile; fileRef = EA57D5A41CFD889000DFD519 /* Assets.xcassets */; };
		EA57D5A81CFD889000DFD519 /* LaunchScreen.storyboard in Resources */ = {isa = PBXBuildFile; fileRef = EA57D5A61CFD889000DFD519 /* LaunchScreen.storyboard */; };
		EA7DDFD11D115272006FB134 /* ChooseTopicViewController.m in Sources */ = {isa = PBXBuildFile; fileRef = EA7DDFD01D115272006FB134 /* ChooseTopicViewController.m */; };
		EA7DDFD41D1165B6006FB134 /* EditSingleChoiceViewController.m in Sources */ = {isa = PBXBuildFile; fileRef = EA7DDFD31D1165B6006FB134 /* EditSingleChoiceViewController.m */; };
		EA7DDFDA1D1165F1006FB134 /* EditJudgeViewController.m in Sources */ = {isa = PBXBuildFile; fileRef = EA7DDFD91D1165F1006FB134 /* EditJudgeViewController.m */; };
		EA7DE0021D11A65F006FB134 /* IQNSArray+Sort.m in Sources */ = {isa = PBXBuildFile; fileRef = EA7DDFDF1D11A65F006FB134 /* IQNSArray+Sort.m */; };
		EA7DE0031D11A65F006FB134 /* IQUIScrollView+Additions.m in Sources */ = {isa = PBXBuildFile; fileRef = EA7DDFE11D11A65F006FB134 /* IQUIScrollView+Additions.m */; };
		EA7DE0041D11A65F006FB134 /* IQUITextFieldView+Additions.m in Sources */ = {isa = PBXBuildFile; fileRef = EA7DDFE31D11A65F006FB134 /* IQUITextFieldView+Additions.m */; };
		EA7DE0051D11A65F006FB134 /* IQUIView+Hierarchy.m in Sources */ = {isa = PBXBuildFile; fileRef = EA7DDFE51D11A65F006FB134 /* IQUIView+Hierarchy.m */; };
		EA7DE0061D11A65F006FB134 /* IQUIViewController+Additions.m in Sources */ = {isa = PBXBuildFile; fileRef = EA7DDFE71D11A65F006FB134 /* IQUIViewController+Additions.m */; };
		EA7DE0071D11A65F006FB134 /* IQUIWindow+Hierarchy.m in Sources */ = {isa = PBXBuildFile; fileRef = EA7DDFE91D11A65F006FB134 /* IQUIWindow+Hierarchy.m */; };
		EA7DE0081D11A65F006FB134 /* IQKeyboardManager.m in Sources */ = {isa = PBXBuildFile; fileRef = EA7DDFEE1D11A65F006FB134 /* IQKeyboardManager.m */; };
		EA7DE0091D11A65F006FB134 /* IQKeyboardReturnKeyHandler.m in Sources */ = {isa = PBXBuildFile; fileRef = EA7DDFF01D11A65F006FB134 /* IQKeyboardReturnKeyHandler.m */; };
		EA7DE00A1D11A65F006FB134 /* IQTextView.m in Sources */ = {isa = PBXBuildFile; fileRef = EA7DDFF31D11A65F006FB134 /* IQTextView.m */; };
		EA7DE00B1D11A65F006FB134 /* IQBarButtonItem.m in Sources */ = {isa = PBXBuildFile; fileRef = EA7DDFF61D11A65F006FB134 /* IQBarButtonItem.m */; };
		EA7DE00C1D11A65F006FB134 /* IQPreviousNextView.m in Sources */ = {isa = PBXBuildFile; fileRef = EA7DDFF81D11A65F006FB134 /* IQPreviousNextView.m */; };
		EA7DE00D1D11A65F006FB134 /* IQTitleBarButtonItem.m in Sources */ = {isa = PBXBuildFile; fileRef = EA7DDFFA1D11A65F006FB134 /* IQTitleBarButtonItem.m */; };
		EA7DE00E1D11A65F006FB134 /* IQToolbar.m in Sources */ = {isa = PBXBuildFile; fileRef = EA7DDFFC1D11A65F006FB134 /* IQToolbar.m */; };
		EA7DE00F1D11A65F006FB134 /* IQUIView+IQKeyboardToolbar.m in Sources */ = {isa = PBXBuildFile; fileRef = EA7DDFFE1D11A65F006FB134 /* IQUIView+IQKeyboardToolbar.m */; };
		EA7DE0101D11A65F006FB134 /* IQKeyboardManager.bundle in Resources */ = {isa = PBXBuildFile; fileRef = EA7DE0011D11A65F006FB134 /* IQKeyboardManager.bundle */; };
		EABEF9011D0E72DD0081A2B9 /* DoSingleChoiceViewController.m in Sources */ = {isa = PBXBuildFile; fileRef = EABEF9001D0E72DD0081A2B9 /* DoSingleChoiceViewController.m */; };
		EABEF90A1D0EB8780081A2B9 /* DoMultiChoiceViewController.m in Sources */ = {isa = PBXBuildFile; fileRef = EABEF9091D0EB8780081A2B9 /* DoMultiChoiceViewController.m */; };
		EABEF90D1D0EB8AB0081A2B9 /* DoJudgeViewController.m in Sources */ = {isa = PBXBuildFile; fileRef = EABEF90C1D0EB8AB0081A2B9 /* DoJudgeViewController.m */; };
		EABEF9101D0ED6E00081A2B9 /* WKViewController.m in Sources */ = {isa = PBXBuildFile; fileRef = EABEF90F1D0ED6E00081A2B9 /* WKViewController.m */; };
		EABEF9131D0ED74C0081A2B9 /* WKUnit.m in Sources */ = {isa = PBXBuildFile; fileRef = EABEF9121D0ED74C0081A2B9 /* WKUnit.m */; };
/* End PBXBuildFile section */

/* Begin PBXFileReference section */
		EA57D5951CFD889000DFD519 /* ForExam.app */ = {isa = PBXFileReference; explicitFileType = wrapper.application; includeInIndex = 0; path = ForExam.app; sourceTree = BUILT_PRODUCTS_DIR; };
		EA57D5991CFD889000DFD519 /* main.m */ = {isa = PBXFileReference; lastKnownFileType = sourcecode.c.objc; path = main.m; sourceTree = "<group>"; };
		EA57D59B1CFD889000DFD519 /* AppDelegate.h */ = {isa = PBXFileReference; lastKnownFileType = sourcecode.c.h; path = AppDelegate.h; sourceTree = "<group>"; };
		EA57D59C1CFD889000DFD519 /* AppDelegate.m */ = {isa = PBXFileReference; lastKnownFileType = sourcecode.c.objc; path = AppDelegate.m; sourceTree = "<group>"; };
		EA57D59E1CFD889000DFD519 /* ViewController.h */ = {isa = PBXFileReference; lastKnownFileType = sourcecode.c.h; path = ViewController.h; sourceTree = "<group>"; };
		EA57D59F1CFD889000DFD519 /* ViewController.m */ = {isa = PBXFileReference; lastKnownFileType = sourcecode.c.objc; path = ViewController.m; sourceTree = "<group>"; };
		EA57D5A21CFD889000DFD519 /* Base */ = {isa = PBXFileReference; lastKnownFileType = file.storyboard; name = Base; path = Base.lproj/Main.storyboard; sourceTree = "<group>"; };
		EA57D5A41CFD889000DFD519 /* Assets.xcassets */ = {isa = PBXFileReference; lastKnownFileType = folder.assetcatalog; path = Assets.xcassets; sourceTree = "<group>"; };
		EA57D5A71CFD889000DFD519 /* Base */ = {isa = PBXFileReference; lastKnownFileType = file.storyboard; name = Base; path = Base.lproj/LaunchScreen.storyboard; sourceTree = "<group>"; };
		EA57D5A91CFD889000DFD519 /* Info.plist */ = {isa = PBXFileReference; lastKnownFileType = text.plist.xml; path = Info.plist; sourceTree = "<group>"; };
		EA7DDFCF1D115272006FB134 /* ChooseTopicViewController.h */ = {isa = PBXFileReference; fileEncoding = 4; lastKnownFileType = sourcecode.c.h; path = ChooseTopicViewController.h; sourceTree = "<group>"; };
		EA7DDFD01D115272006FB134 /* ChooseTopicViewController.m */ = {isa = PBXFileReference; fileEncoding = 4; lastKnownFileType = sourcecode.c.objc; path = ChooseTopicViewController.m; sourceTree = "<group>"; };
		EA7DDFD21D1165B6006FB134 /* EditSingleChoiceViewController.h */ = {isa = PBXFileReference; fileEncoding = 4; lastKnownFileType = sourcecode.c.h; path = EditSingleChoiceViewController.h; sourceTree = "<group>"; };
		EA7DDFD31D1165B6006FB134 /* EditSingleChoiceViewController.m */ = {isa = PBXFileReference; fileEncoding = 4; lastKnownFileType = sourcecode.c.objc; path = EditSingleChoiceViewController.m; sourceTree = "<group>"; };
		EA7DDFD81D1165F1006FB134 /* EditJudgeViewController.h */ = {isa = PBXFileReference; fileEncoding = 4; lastKnownFileType = sourcecode.c.h; path = EditJudgeViewController.h; sourceTree = "<group>"; };
		EA7DDFD91D1165F1006FB134 /* EditJudgeViewController.m */ = {isa = PBXFileReference; fileEncoding = 4; lastKnownFileType = sourcecode.c.objc; path = EditJudgeViewController.m; sourceTree = "<group>"; };
		EA7DDFDE1D11A65F006FB134 /* IQNSArray+Sort.h */ = {isa = PBXFileReference; fileEncoding = 4; lastKnownFileType = sourcecode.c.h; path = "IQNSArray+Sort.h"; sourceTree = "<group>"; };
		EA7DDFDF1D11A65F006FB134 /* IQNSArray+Sort.m */ = {isa = PBXFileReference; fileEncoding = 4; lastKnownFileType = sourcecode.c.objc; path = "IQNSArray+Sort.m"; sourceTree = "<group>"; };
		EA7DDFE01D11A65F006FB134 /* IQUIScrollView+Additions.h */ = {isa = PBXFileReference; fileEncoding = 4; lastKnownFileType = sourcecode.c.h; path = "IQUIScrollView+Additions.h"; sourceTree = "<group>"; };
		EA7DDFE11D11A65F006FB134 /* IQUIScrollView+Additions.m */ = {isa = PBXFileReference; fileEncoding = 4; lastKnownFileType = sourcecode.c.objc; path = "IQUIScrollView+Additions.m"; sourceTree = "<group>"; };
		EA7DDFE21D11A65F006FB134 /* IQUITextFieldView+Additions.h */ = {isa = PBXFileReference; fileEncoding = 4; lastKnownFileType = sourcecode.c.h; path = "IQUITextFieldView+Additions.h"; sourceTree = "<group>"; };
		EA7DDFE31D11A65F006FB134 /* IQUITextFieldView+Additions.m */ = {isa = PBXFileReference; fileEncoding = 4; lastKnownFileType = sourcecode.c.objc; path = "IQUITextFieldView+Additions.m"; sourceTree = "<group>"; };
		EA7DDFE41D11A65F006FB134 /* IQUIView+Hierarchy.h */ = {isa = PBXFileReference; fileEncoding = 4; lastKnownFileType = sourcecode.c.h; path = "IQUIView+Hierarchy.h"; sourceTree = "<group>"; };
		EA7DDFE51D11A65F006FB134 /* IQUIView+Hierarchy.m */ = {isa = PBXFileReference; fileEncoding = 4; lastKnownFileType = sourcecode.c.objc; path = "IQUIView+Hierarchy.m"; sourceTree = "<group>"; };
		EA7DDFE61D11A65F006FB134 /* IQUIViewController+Additions.h */ = {isa = PBXFileReference; fileEncoding = 4; lastKnownFileType = sourcecode.c.h; path = "IQUIViewController+Additions.h"; sourceTree = "<group>"; };
		EA7DDFE71D11A65F006FB134 /* IQUIViewController+Additions.m */ = {isa = PBXFileReference; fileEncoding = 4; lastKnownFileType = sourcecode.c.objc; path = "IQUIViewController+Additions.m"; sourceTree = "<group>"; };
		EA7DDFE81D11A65F006FB134 /* IQUIWindow+Hierarchy.h */ = {isa = PBXFileReference; fileEncoding = 4; lastKnownFileType = sourcecode.c.h; path = "IQUIWindow+Hierarchy.h"; sourceTree = "<group>"; };
		EA7DDFE91D11A65F006FB134 /* IQUIWindow+Hierarchy.m */ = {isa = PBXFileReference; fileEncoding = 4; lastKnownFileType = sourcecode.c.objc; path = "IQUIWindow+Hierarchy.m"; sourceTree = "<group>"; };
		EA7DDFEB1D11A65F006FB134 /* IQKeyboardManagerConstants.h */ = {isa = PBXFileReference; fileEncoding = 4; lastKnownFileType = sourcecode.c.h; path = IQKeyboardManagerConstants.h; sourceTree = "<group>"; };
		EA7DDFEC1D11A65F006FB134 /* IQKeyboardManagerConstantsInternal.h */ = {isa = PBXFileReference; fileEncoding = 4; lastKnownFileType = sourcecode.c.h; path = IQKeyboardManagerConstantsInternal.h; sourceTree = "<group>"; };
		EA7DDFED1D11A65F006FB134 /* IQKeyboardManager.h */ = {isa = PBXFileReference; fileEncoding = 4; lastKnownFileType = sourcecode.c.h; path = IQKeyboardManager.h; sourceTree = "<group>"; };
		EA7DDFEE1D11A65F006FB134 /* IQKeyboardManager.m */ = {isa = PBXFileReference; fileEncoding = 4; lastKnownFileType = sourcecode.c.objc; path = IQKeyboardManager.m; sourceTree = "<group>"; };
		EA7DDFEF1D11A65F006FB134 /* IQKeyboardReturnKeyHandler.h */ = {isa = PBXFileReference; fileEncoding = 4; lastKnownFileType = sourcecode.c.h; path = IQKeyboardReturnKeyHandler.h; sourceTree = "<group>"; };
		EA7DDFF01D11A65F006FB134 /* IQKeyboardReturnKeyHandler.m */ = {isa = PBXFileReference; fileEncoding = 4; lastKnownFileType = sourcecode.c.objc; path = IQKeyboardReturnKeyHandler.m; sourceTree = "<group>"; };
		EA7DDFF21D11A65F006FB134 /* IQTextView.h */ = {isa = PBXFileReference; fileEncoding = 4; lastKnownFileType = sourcecode.c.h; path = IQTextView.h; sourceTree = "<group>"; };
		EA7DDFF31D11A65F006FB134 /* IQTextView.m */ = {isa = PBXFileReference; fileEncoding = 4; lastKnownFileType = sourcecode.c.objc; path = IQTextView.m; sourceTree = "<group>"; };
		EA7DDFF51D11A65F006FB134 /* IQBarButtonItem.h */ = {isa = PBXFileReference; fileEncoding = 4; lastKnownFileType = sourcecode.c.h; path = IQBarButtonItem.h; sourceTree = "<group>"; };
		EA7DDFF61D11A65F006FB134 /* IQBarButtonItem.m */ = {isa = PBXFileReference; fileEncoding = 4; lastKnownFileType = sourcecode.c.objc; path = IQBarButtonItem.m; sourceTree = "<group>"; };
		EA7DDFF71D11A65F006FB134 /* IQPreviousNextView.h */ = {isa = PBXFileReference; fileEncoding = 4; lastKnownFileType = sourcecode.c.h; path = IQPreviousNextView.h; sourceTree = "<group>"; };
		EA7DDFF81D11A65F006FB134 /* IQPreviousNextView.m */ = {isa = PBXFileReference; fileEncoding = 4; lastKnownFileType = sourcecode.c.objc; path = IQPreviousNextView.m; sourceTree = "<group>"; };
		EA7DDFF91D11A65F006FB134 /* IQTitleBarButtonItem.h */ = {isa = PBXFileReference; fileEncoding = 4; lastKnownFileType = sourcecode.c.h; path = IQTitleBarButtonItem.h; sourceTree = "<group>"; };
		EA7DDFFA1D11A65F006FB134 /* IQTitleBarButtonItem.m */ = {isa = PBXFileReference; fileEncoding = 4; lastKnownFileType = sourcecode.c.objc; path = IQTitleBarButtonItem.m; sourceTree = "<group>"; };
		EA7DDFFB1D11A65F006FB134 /* IQToolbar.h */ = {isa = PBXFileReference; fileEncoding = 4; lastKnownFileType = sourcecode.c.h; path = IQToolbar.h; sourceTree = "<group>"; };
		EA7DDFFC1D11A65F006FB134 /* IQToolbar.m */ = {isa = PBXFileReference; fileEncoding = 4; lastKnownFileType = sourcecode.c.objc; path = IQToolbar.m; sourceTree = "<group>"; };
		EA7DDFFD1D11A65F006FB134 /* IQUIView+IQKeyboardToolbar.h */ = {isa = PBXFileReference; fileEncoding = 4; lastKnownFileType = sourcecode.c.h; path = "IQUIView+IQKeyboardToolbar.h"; sourceTree = "<group>"; };
		EA7DDFFE1D11A65F006FB134 /* IQUIView+IQKeyboardToolbar.m */ = {isa = PBXFileReference; fileEncoding = 4; lastKnownFileType = sourcecode.c.objc; path = "IQUIView+IQKeyboardToolbar.m"; sourceTree = "<group>"; };
		EA7DDFFF1D11A65F006FB134 /* KeyboardManager.h */ = {isa = PBXFileReference; fileEncoding = 4; lastKnownFileType = sourcecode.c.h; path = KeyboardManager.h; sourceTree = "<group>"; };
		EA7DE0011D11A65F006FB134 /* IQKeyboardManager.bundle */ = {isa = PBXFileReference; lastKnownFileType = "wrapper.plug-in"; path = IQKeyboardManager.bundle; sourceTree = "<group>"; };
		EABEF8FF1D0E72DD0081A2B9 /* DoSingleChoiceViewController.h */ = {isa = PBXFileReference; fileEncoding = 4; lastKnownFileType = sourcecode.c.h; path = DoSingleChoiceViewController.h; sourceTree = "<group>"; };
		EABEF9001D0E72DD0081A2B9 /* DoSingleChoiceViewController.m */ = {isa = PBXFileReference; fileEncoding = 4; lastKnownFileType = sourcecode.c.objc; path = DoSingleChoiceViewController.m; sourceTree = "<group>"; };
		EABEF9081D0EB8780081A2B9 /* DoMultiChoiceViewController.h */ = {isa = PBXFileReference; fileEncoding = 4; lastKnownFileType = sourcecode.c.h; path = DoMultiChoiceViewController.h; sourceTree = "<group>"; };
		EABEF9091D0EB8780081A2B9 /* DoMultiChoiceViewController.m */ = {isa = PBXFileReference; fileEncoding = 4; lastKnownFileType = sourcecode.c.objc; path = DoMultiChoiceViewController.m; sourceTree = "<group>"; };
		EABEF90B1D0EB8AB0081A2B9 /* DoJudgeViewController.h */ = {isa = PBXFileReference; fileEncoding = 4; lastKnownFileType = sourcecode.c.h; path = DoJudgeViewController.h; sourceTree = "<group>"; };
		EABEF90C1D0EB8AB0081A2B9 /* DoJudgeViewController.m */ = {isa = PBXFileReference; fileEncoding = 4; lastKnownFileType = sourcecode.c.objc; path = DoJudgeViewController.m; sourceTree = "<group>"; };
		EABEF90E1D0ED6E00081A2B9 /* WKViewController.h */ = {isa = PBXFileReference; fileEncoding = 4; lastKnownFileType = sourcecode.c.h; path = WKViewController.h; sourceTree = "<group>"; };
		EABEF90F1D0ED6E00081A2B9 /* WKViewController.m */ = {isa = PBXFileReference; fileEncoding = 4; lastKnownFileType = sourcecode.c.objc; path = WKViewController.m; sourceTree = "<group>"; };
		EABEF9111D0ED74C0081A2B9 /* WKUnit.h */ = {isa = PBXFileReference; fileEncoding = 4; lastKnownFileType = sourcecode.c.h; path = WKUnit.h; sourceTree = "<group>"; };
		EABEF9121D0ED74C0081A2B9 /* WKUnit.m */ = {isa = PBXFileReference; fileEncoding = 4; lastKnownFileType = sourcecode.c.objc; path = WKUnit.m; sourceTree = "<group>"; };
/* End PBXFileReference section */

/* Begin PBXFrameworksBuildPhase section */
		EA57D5921CFD889000DFD519 /* Frameworks */ = {
			isa = PBXFrameworksBuildPhase;
			buildActionMask = 2147483647;
			files = (
			);
			runOnlyForDeploymentPostprocessing = 0;
		};
/* End PBXFrameworksBuildPhase section */

/* Begin PBXGroup section */
		EA57D58C1CFD889000DFD519 = {
			isa = PBXGroup;
			children = (
				EA57D5971CFD889000DFD519 /* ForExam */,
				EA57D5961CFD889000DFD519 /* Products */,
			);
			sourceTree = "<group>";
		};
		EA57D5961CFD889000DFD519 /* Products */ = {
			isa = PBXGroup;
			children = (
				EA57D5951CFD889000DFD519 /* ForExam.app */,
			);
			name = Products;
			sourceTree = "<group>";
		};
		EA57D5971CFD889000DFD519 /* ForExam */ = {
			isa = PBXGroup;
			children = (
				EA57D59B1CFD889000DFD519 /* AppDelegate.h */,
				EA57D59C1CFD889000DFD519 /* AppDelegate.m */,
				EABEF90E1D0ED6E00081A2B9 /* WKViewController.h */,
				EABEF90F1D0ED6E00081A2B9 /* WKViewController.m */,
				EA57D59E1CFD889000DFD519 /* ViewController.h */,
				EA57D59F1CFD889000DFD519 /* ViewController.m */,
				EA57D5A11CFD889000DFD519 /* Main.storyboard */,
				EA57D5A41CFD889000DFD519 /* Assets.xcassets */,
				EA57D5A61CFD889000DFD519 /* LaunchScreen.storyboard */,
				EA57D5A91CFD889000DFD519 /* Info.plist */,
				EA7DDFCF1D115272006FB134 /* ChooseTopicViewController.h */,
				EA7DDFD01D115272006FB134 /* ChooseTopicViewController.m */,
				EABEF8FF1D0E72DD0081A2B9 /* DoSingleChoiceViewController.h */,
				EABEF9001D0E72DD0081A2B9 /* DoSingleChoiceViewController.m */,
				EABEF9081D0EB8780081A2B9 /* DoMultiChoiceViewController.h */,
				EABEF9091D0EB8780081A2B9 /* DoMultiChoiceViewController.m */,
				EABEF90B1D0EB8AB0081A2B9 /* DoJudgeViewController.h */,
				EABEF90C1D0EB8AB0081A2B9 /* DoJudgeViewController.m */,
				EA7DDFD21D1165B6006FB134 /* EditSingleChoiceViewController.h */,
				EA7DDFD31D1165B6006FB134 /* EditSingleChoiceViewController.m */,
				EA7DDFD81D1165F1006FB134 /* EditJudgeViewController.h */,
				EA7DDFD91D1165F1006FB134 /* EditJudgeViewController.m */,
				EA7DDFDB1D11A65F006FB134 /* Helper */,
				EA57D5981CFD889000DFD519 /* Supporting Files */,
			);
			path = ForExam;
			sourceTree = "<group>";
		};
		EA57D5981CFD889000DFD519 /* Supporting Files */ = {
			isa = PBXGroup;
			children = (
				EA57D5991CFD889000DFD519 /* main.m */,
				EABEF9111D0ED74C0081A2B9 /* WKUnit.h */,
				EABEF9121D0ED74C0081A2B9 /* WKUnit.m */,
			);
			name = "Supporting Files";
			sourceTree = "<group>";
		};
		EA7DDFDB1D11A65F006FB134 /* Helper */ = {
			isa = PBXGroup;
			children = (
				EA7DDFDC1D11A65F006FB134 /* IQKeyboardManager */,
			);
			path = Helper;
			sourceTree = "<group>";
		};
		EA7DDFDC1D11A65F006FB134 /* IQKeyboardManager */ = {
			isa = PBXGroup;
			children = (
				EA7DDFDD1D11A65F006FB134 /* Categories */,
				EA7DDFEA1D11A65F006FB134 /* Constants */,
				EA7DDFED1D11A65F006FB134 /* IQKeyboardManager.h */,
				EA7DDFEE1D11A65F006FB134 /* IQKeyboardManager.m */,
				EA7DDFEF1D11A65F006FB134 /* IQKeyboardReturnKeyHandler.h */,
				EA7DDFF01D11A65F006FB134 /* IQKeyboardReturnKeyHandler.m */,
				EA7DDFF11D11A65F006FB134 /* IQTextView */,
				EA7DDFF41D11A65F006FB134 /* IQToolbar */,
				EA7DDFFF1D11A65F006FB134 /* KeyboardManager.h */,
				EA7DE0001D11A65F006FB134 /* Resources */,
			);
			path = IQKeyboardManager;
			sourceTree = "<group>";
		};
		EA7DDFDD1D11A65F006FB134 /* Categories */ = {
			isa = PBXGroup;
			children = (
				EA7DDFDE1D11A65F006FB134 /* IQNSArray+Sort.h */,
				EA7DDFDF1D11A65F006FB134 /* IQNSArray+Sort.m */,
				EA7DDFE01D11A65F006FB134 /* IQUIScrollView+Additions.h */,
				EA7DDFE11D11A65F006FB134 /* IQUIScrollView+Additions.m */,
				EA7DDFE21D11A65F006FB134 /* IQUITextFieldView+Additions.h */,
				EA7DDFE31D11A65F006FB134 /* IQUITextFieldView+Additions.m */,
				EA7DDFE41D11A65F006FB134 /* IQUIView+Hierarchy.h */,
				EA7DDFE51D11A65F006FB134 /* IQUIView+Hierarchy.m */,
				EA7DDFE61D11A65F006FB134 /* IQUIViewController+Additions.h */,
				EA7DDFE71D11A65F006FB134 /* IQUIViewController+Additions.m */,
				EA7DDFE81D11A65F006FB134 /* IQUIWindow+Hierarchy.h */,
				EA7DDFE91D11A65F006FB134 /* IQUIWindow+Hierarchy.m */,
			);
			path = Categories;
			sourceTree = "<group>";
		};
		EA7DDFEA1D11A65F006FB134 /* Constants */ = {
			isa = PBXGroup;
			children = (
				EA7DDFEB1D11A65F006FB134 /* IQKeyboardManagerConstants.h */,
				EA7DDFEC1D11A65F006FB134 /* IQKeyboardManagerConstantsInternal.h */,
			);
			path = Constants;
			sourceTree = "<group>";
		};
		EA7DDFF11D11A65F006FB134 /* IQTextView */ = {
			isa = PBXGroup;
			children = (
				EA7DDFF21D11A65F006FB134 /* IQTextView.h */,
				EA7DDFF31D11A65F006FB134 /* IQTextView.m */,
			);
			path = IQTextView;
			sourceTree = "<group>";
		};
		EA7DDFF41D11A65F006FB134 /* IQToolbar */ = {
			isa = PBXGroup;
			children = (
				EA7DDFF51D11A65F006FB134 /* IQBarButtonItem.h */,
				EA7DDFF61D11A65F006FB134 /* IQBarButtonItem.m */,
				EA7DDFF71D11A65F006FB134 /* IQPreviousNextView.h */,
				EA7DDFF81D11A65F006FB134 /* IQPreviousNextView.m */,
				EA7DDFF91D11A65F006FB134 /* IQTitleBarButtonItem.h */,
				EA7DDFFA1D11A65F006FB134 /* IQTitleBarButtonItem.m */,
				EA7DDFFB1D11A65F006FB134 /* IQToolbar.h */,
				EA7DDFFC1D11A65F006FB134 /* IQToolbar.m */,
				EA7DDFFD1D11A65F006FB134 /* IQUIView+IQKeyboardToolbar.h */,
				EA7DDFFE1D11A65F006FB134 /* IQUIView+IQKeyboardToolbar.m */,
			);
			path = IQToolbar;
			sourceTree = "<group>";
		};
		EA7DE0001D11A65F006FB134 /* Resources */ = {
			isa = PBXGroup;
			children = (
				EA7DE0011D11A65F006FB134 /* IQKeyboardManager.bundle */,
			);
			path = Resources;
			sourceTree = "<group>";
		};
/* End PBXGroup section */

/* Begin PBXNativeTarget section */
		EA57D5941CFD889000DFD519 /* ForExam */ = {
			isa = PBXNativeTarget;
			buildConfigurationList = EA57D5AC1CFD889000DFD519 /* Build configuration list for PBXNativeTarget "ForExam" */;
			buildPhases = (
				EA57D5911CFD889000DFD519 /* Sources */,
				EA57D5921CFD889000DFD519 /* Frameworks */,
				EA57D5931CFD889000DFD519 /* Resources */,
			);
			buildRules = (
			);
			dependencies = (
			);
			name = ForExam;
			productName = ForExam;
			productReference = EA57D5951CFD889000DFD519 /* ForExam.app */;
			productType = "com.apple.product-type.application";
		};
/* End PBXNativeTarget section */

/* Begin PBXProject section */
		EA57D58D1CFD889000DFD519 /* Project object */ = {
			isa = PBXProject;
			attributes = {
				LastUpgradeCheck = 0730;
				ORGANIZATIONNAME = terrPang;
				TargetAttributes = {
					EA57D5941CFD889000DFD519 = {
						CreatedOnToolsVersion = 7.3.1;
						DevelopmentTeam = EYVN69Z736;
					};
				};
			};
			buildConfigurationList = EA57D5901CFD889000DFD519 /* Build configuration list for PBXProject "ForExam" */;
			compatibilityVersion = "Xcode 3.2";
			developmentRegion = English;
			hasScannedForEncodings = 0;
			knownRegions = (
				en,
				Base,
			);
			mainGroup = EA57D58C1CFD889000DFD519;
			productRefGroup = EA57D5961CFD889000DFD519 /* Products */;
			projectDirPath = "";
			projectRoot = "";
			targets = (
				EA57D5941CFD889000DFD519 /* ForExam */,
			);
		};
/* End PBXProject section */

/* Begin PBXResourcesBuildPhase section */
		EA57D5931CFD889000DFD519 /* Resources */ = {
			isa = PBXResourcesBuildPhase;
			buildActionMask = 2147483647;
			files = (
				EA57D5A81CFD889000DFD519 /* LaunchScreen.storyboard in Resources */,
				EA57D5A51CFD889000DFD519 /* Assets.xcassets in Resources */,
				EA7DE0101D11A65F006FB134 /* IQKeyboardManager.bundle in Resources */,
				EA57D5A31CFD889000DFD519 /* Main.storyboard in Resources */,
			);
			runOnlyForDeploymentPostprocessing = 0;
		};
/* End PBXResourcesBuildPhase section */

/* Begin PBXSourcesBuildPhase section */
		EA57D5911CFD889000DFD519 /* Sources */ = {
			isa = PBXSourcesBuildPhase;
			buildActionMask = 2147483647;
			files = (
				EABEF9011D0E72DD0081A2B9 /* DoSingleChoiceViewController.m in Sources */,
				EA7DE0081D11A65F006FB134 /* IQKeyboardManager.m in Sources */,
				EA7DE00B1D11A65F006FB134 /* IQBarButtonItem.m in Sources */,
				EA7DDFD11D115272006FB134 /* ChooseTopicViewController.m in Sources */,
				EABEF90A1D0EB8780081A2B9 /* DoMultiChoiceViewController.m in Sources */,
				EA7DE0071D11A65F006FB134 /* IQUIWindow+Hierarchy.m in Sources */,
				EA7DE0091D11A65F006FB134 /* IQKeyboardReturnKeyHandler.m in Sources */,
				EA7DE00C1D11A65F006FB134 /* IQPreviousNextView.m in Sources */,
				EA7DE0021D11A65F006FB134 /* IQNSArray+Sort.m in Sources */,
				EABEF9131D0ED74C0081A2B9 /* WKUnit.m in Sources */,
				EA7DE00E1D11A65F006FB134 /* IQToolbar.m in Sources */,
				EA7DE00F1D11A65F006FB134 /* IQUIView+IQKeyboardToolbar.m in Sources */,
				EA7DDFD41D1165B6006FB134 /* EditSingleChoiceViewController.m in Sources */,
				EABEF90D1D0EB8AB0081A2B9 /* DoJudgeViewController.m in Sources */,
				EA7DE00D1D11A65F006FB134 /* IQTitleBarButtonItem.m in Sources */,
				EA57D5A01CFD889000DFD519 /* ViewController.m in Sources */,
				EA7DE0041D11A65F006FB134 /* IQUITextFieldView+Additions.m in Sources */,
				EA7DE00A1D11A65F006FB134 /* IQTextView.m in Sources */,
				EA7DE0031D11A65F006FB134 /* IQUIScrollView+Additions.m in Sources */,
				EA7DDFDA1D1165F1006FB134 /* EditJudgeViewController.m in Sources */,
				EA7DE0061D11A65F006FB134 /* IQUIViewController+Additions.m in Sources */,
				EA7DE0051D11A65F006FB134 /* IQUIView+Hierarchy.m in Sources */,
				EA57D59D1CFD889000DFD519 /* AppDelegate.m in Sources */,
				EABEF9101D0ED6E00081A2B9 /* WKViewController.m in Sources */,
				EA57D59A1CFD889000DFD519 /* main.m in Sources */,
			);
			runOnlyForDeploymentPostprocessing = 0;
		};
/* End PBXSourcesBuildPhase section */

/* Begin PBXVariantGroup section */
		EA57D5A11CFD889000DFD519 /* Main.storyboard */ = {
			isa = PBXVariantGroup;
			children = (
				EA57D5A21CFD889000DFD519 /* Base */,
			);
			name = Main.storyboard;
			sourceTree = "<group>";
		};
		EA57D5A61CFD889000DFD519 /* LaunchScreen.storyboard */ = {
			isa = PBXVariantGroup;
			children = (
				EA57D5A71CFD889000DFD519 /* Base */,
			);
			name = LaunchScreen.storyboard;
			sourceTree = "<group>";
		};
/* End PBXVariantGroup section */

/* Begin XCBuildConfiguration section */
		EA57D5AA1CFD889000DFD519 /* Debug */ = {
			isa = XCBuildConfiguration;
			buildSettings = {
				ALWAYS_SEARCH_USER_PATHS = NO;
				CLANG_ANALYZER_NONNULL = YES;
				CLANG_CXX_LANGUAGE_STANDARD = "gnu++0x";
				CLANG_CXX_LIBRARY = "libc++";
				CLANG_ENABLE_MODULES = YES;
				CLANG_ENABLE_OBJC_ARC = YES;
				CLANG_WARN_BOOL_CONVERSION = YES;
				CLANG_WARN_CONSTANT_CONVERSION = YES;
				CLANG_WARN_DIRECT_OBJC_ISA_USAGE = YES_ERROR;
				CLANG_WARN_EMPTY_BODY = YES;
				CLANG_WARN_ENUM_CONVERSION = YES;
				CLANG_WARN_INT_CONVERSION = YES;
				CLANG_WARN_OBJC_ROOT_CLASS = YES_ERROR;
				CLANG_WARN_UNREACHABLE_CODE = YES;
				CLANG_WARN__DUPLICATE_METHOD_MATCH = YES;
				"CODE_SIGN_IDENTITY[sdk=iphoneos*]" = "iPhone Developer";
				COPY_PHASE_STRIP = NO;
				DEBUG_INFORMATION_FORMAT = dwarf;
				ENABLE_STRICT_OBJC_MSGSEND = YES;
				ENABLE_TESTABILITY = YES;
				GCC_C_LANGUAGE_STANDARD = gnu99;
				GCC_DYNAMIC_NO_PIC = NO;
				GCC_NO_COMMON_BLOCKS = YES;
				GCC_OPTIMIZATION_LEVEL = 0;
				GCC_PREPROCESSOR_DEFINITIONS = (
					"DEBUG=1",
					"$(inherited)",
				);
				GCC_WARN_64_TO_32_BIT_CONVERSION = YES;
				GCC_WARN_ABOUT_RETURN_TYPE = YES_ERROR;
				GCC_WARN_UNDECLARED_SELECTOR = YES;
				GCC_WARN_UNINITIALIZED_AUTOS = YES_AGGRESSIVE;
				GCC_WARN_UNUSED_FUNCTION = YES;
				GCC_WARN_UNUSED_VARIABLE = YES;
				IPHONEOS_DEPLOYMENT_TARGET = 9.3;
				MTL_ENABLE_DEBUG_INFO = YES;
				ONLY_ACTIVE_ARCH = YES;
				SDKROOT = iphoneos;
				TARGETED_DEVICE_FAMILY = "1,2";
			};
			name = Debug;
		};
		EA57D5AB1CFD889000DFD519 /* Release */ = {
			isa = XCBuildConfiguration;
			buildSettings = {
				ALWAYS_SEARCH_USER_PATHS = NO;
				CLANG_ANALYZER_NONNULL = YES;
				CLANG_CXX_LANGUAGE_STANDARD = "gnu++0x";
				CLANG_CXX_LIBRARY = "libc++";
				CLANG_ENABLE_MODULES = YES;
				CLANG_ENABLE_OBJC_ARC = YES;
				CLANG_WARN_BOOL_CONVERSION = YES;
				CLANG_WARN_CONSTANT_CONVERSION = YES;
				CLANG_WARN_DIRECT_OBJC_ISA_USAGE = YES_ERROR;
				CLANG_WARN_EMPTY_BODY = YES;
				CLANG_WARN_ENUM_CONVERSION = YES;
				CLANG_WARN_INT_CONVERSION = YES;
				CLANG_WARN_OBJC_ROOT_CLASS = YES_ERROR;
				CLANG_WARN_UNREACHABLE_CODE = YES;
				CLANG_WARN__DUPLICATE_METHOD_MATCH = YES;
				"CODE_SIGN_IDENTITY[sdk=iphoneos*]" = "iPhone Developer";
				COPY_PHASE_STRIP = NO;
				DEBUG_INFORMATION_FORMAT = "dwarf-with-dsym";
				ENABLE_NS_ASSERTIONS = NO;
				ENABLE_STRICT_OBJC_MSGSEND = YES;
				GCC_C_LANGUAGE_STANDARD = gnu99;
				GCC_NO_COMMON_BLOCKS = YES;
				GCC_WARN_64_TO_32_BIT_CONVERSION = YES;
				GCC_WARN_ABOUT_RETURN_TYPE = YES_ERROR;
				GCC_WARN_UNDECLARED_SELECTOR = YES;
				GCC_WARN_UNINITIALIZED_AUTOS = YES_AGGRESSIVE;
				GCC_WARN_UNUSED_FUNCTION = YES;
				GCC_WARN_UNUSED_VARIABLE = YES;
				IPHONEOS_DEPLOYMENT_TARGET = 9.3;
				MTL_ENABLE_DEBUG_INFO = NO;
				SDKROOT = iphoneos;
				TARGETED_DEVICE_FAMILY = "1,2";
				VALIDATE_PRODUCT = YES;
			};
			name = Release;
		};
		EA57D5AD1CFD889000DFD519 /* Debug */ = {
			isa = XCBuildConfiguration;
			buildSettings = {
				ASSETCATALOG_COMPILER_APPICON_NAME = AppIcon;
				CODE_SIGN_IDENTITY = "iPhone Developer: Kun Wang (C2VVP274LW)";
				INFOPLIST_FILE = ForExam/Info.plist;
				LD_RUNPATH_SEARCH_PATHS = "$(inherited) @executable_path/Frameworks";
				PRODUCT_BUNDLE_IDENTIFIER = terrpang.ForExam;
				PRODUCT_NAME = "$(TARGET_NAME)";
				PROVISIONING_PROFILE = "c469b3ba-aec7-45f1-9762-06391f400e84";
			};
			name = Debug;
		};
		EA57D5AE1CFD889000DFD519 /* Release */ = {
			isa = XCBuildConfiguration;
			buildSettings = {
				ASSETCATALOG_COMPILER_APPICON_NAME = AppIcon;
				CODE_SIGN_IDENTITY = "iPhone Developer: Kun Wang (C2VVP274LW)";
				INFOPLIST_FILE = ForExam/Info.plist;
				LD_RUNPATH_SEARCH_PATHS = "$(inherited) @executable_path/Frameworks";
				PRODUCT_BUNDLE_IDENTIFIER = terrpang.ForExam;
				PRODUCT_NAME = "$(TARGET_NAME)";
				PROVISIONING_PROFILE = "c469b3ba-aec7-45f1-9762-06391f400e84";
			};
			name = Release;
		};
/* End XCBuildConfiguration section */

/* Begin XCConfigurationList section */
		EA57D5901CFD889000DFD519 /* Build configuration list for PBXProject "ForExam" */ = {
			isa = XCConfigurationList;
			buildConfigurations = (
				EA57D5AA1CFD889000DFD519 /* Debug */,
				EA57D5AB1CFD889000DFD519 /* Release */,
			);
			defaultConfigurationIsVisible = 0;
			defaultConfigurationName = Release;
		};
		EA57D5AC1CFD889000DFD519 /* Build configuration list for PBXNativeTarget "ForExam" */ = {
			isa = XCConfigurationList;
			buildConfigurations = (
				EA57D5AD1CFD889000DFD519 /* Debug */,
				EA57D5AE1CFD889000DFD519 /* Release */,
			);
			defaultConfigurationIsVisible = 0;
			defaultConfigurationName = Release;
		};
/* End XCConfigurationList section */
	};
	rootObject = EA57D58D1CFD889000DFD519 /* Project object */;
}
